{
  "name": "021.2-my-first-package-dancg",
  "version": "1.0.2",
  "lockfileVersion": 2,
  "requires": true,
  "packages": {
    "": {
      "name": "021.2-my-first-package-dancg",
      "version": "1.0.2",
      "license": "MIT",
      "bin": {
        "my-first-package-danCG": "bin/global.js"
      }
    }
  }
}
